
Microsoft Visual Studio Solution File, Format Version 12.00
# Visual Studio Version 17
VisualStudioVersion = 17.0.31903.59
MinimumVisualStudioVersion = 10.0.40219.1
Project("{9A19103F-16F7-4668-BE54-9A1E7A4F7556}") = "GameTogetherAPI", "GameTogetherAPI\GameTogetherAPI.csproj", "{56360629-DE98-4AA7-BC08-C914B5591AF8}"
EndProject
Project("{9A19103F-16F7-4668-BE54-9A1E7A4F7556}") = "GameTogetherAPI.Test", "GameTogetherAPI.Test\GameTogetherAPI.Test.csproj", "{886AC128-925E-4E18-B180-87DEFB6376F6}"
EndProject
Global
	GlobalSection(SolutionConfigurationPlatforms) = preSolution
		Debug|Any CPU = Debug|Any CPU
		Release|Any CPU = Release|Any CPU
	EndGlobalSection
	GlobalSection(ProjectConfigurationPlatforms) = postSolution
		{56360629-DE98-4AA7-BC08-C914B5591AF8}.Debug|Any CPU.ActiveCfg = Debug|Any CPU
		{56360629-DE98-4AA7-BC08-C914B5591AF8}.Debug|Any CPU.Build.0 = Debug|Any CPU
		{56360629-DE98-4AA7-BC08-C914B5591AF8}.Release|Any CPU.ActiveCfg = Release|Any CPU
		{56360629-DE98-4AA7-BC08-C914B5591AF8}.Release|Any CPU.Build.0 = Release|Any CPU
		{886AC128-925E-4E18-B180-87DEFB6376F6}.Debug|Any CPU.ActiveCfg = Debug|Any CPU
		{886AC128-925E-4E18-B180-87DEFB6376F6}.Debug|Any CPU.Build.0 = Debug|Any CPU
		{886AC128-925E-4E18-B180-87DEFB6376F6}.Release|Any CPU.ActiveCfg = Release|Any CPU
		{886AC128-925E-4E18-B180-87DEFB6376F6}.Release|Any CPU.Build.0 = Release|Any CPU
	EndGlobalSection
	GlobalSection(SolutionProperties) = preSolution
		HideSolutionNode = FALSE
	EndGlobalSection
	GlobalSection(ExtensibilityGlobals) = postSolution
		SolutionGuid = {413EA0F3-3FCC-4505-B2B2-162903A09F72}
	EndGlobalSection
EndGlobal
